{
  "name": "cdk-work",
  "version": "1.0.0",
  "lockfileVersion": 2,
  "requires": true,
  "packages": {
    "": {
      "version": "1.0.0",
      "license": "MPL-2.0",
      "dependencies": {
        "cdktf": "^0.2.2",
        "constructs": "^3.3.71"
      },
      "devDependencies": {
        "@types/node": "^14.14.37",
        "typescript": "^4.2.4"
      },
      "engines": {
        "node": ">=10.12"
      }
    },
    "node_modules/@types/node": {
      "version": "14.14.37",
      "resolved": "https://registry.npmjs.org/@types/node/-/node-14.14.37.tgz",
      "integrity": "sha512-XYmBiy+ohOR4Lh5jE379fV2IU+6Jn4g5qASinhitfyO71b/sCo6MKsMLF5tc7Zf2CE8hViVQyYSobJNke8OvUw==",
      "dev": true
    },
    "node_modules/cdktf": {
      "version": "0.2.2",
      "resolved": "https://registry.npmjs.org/cdktf/-/cdktf-0.2.2.tgz",
      "integrity": "sha512-SMiDV99ruSGhjBm+dj30XmtV20BKesjY75SGGB3sTcFeaqn5d1Gf8gAaG69QTm3zqI8SbYO12MDslkoX1BY5Zw==",
      "bundleDependencies": [
        "json-stable-stringify",
        "jsonify"
      ],
      "dependencies": {
        "json-stable-stringify": "^1.0.1"
      },
      "peerDependencies": {
        "constructs": "^3.0.0"
      }
    },
    "node_modules/cdktf/node_modules/json-stable-stringify": {
      "version": "1.0.1",
      "inBundle": true,
      "license": "MIT",
      "dependencies": {
        "jsonify": "~0.0.0"
      }
    },
    "node_modules/cdktf/node_modules/jsonify": {
      "version": "0.0.0",
      "inBundle": true,
      "license": "Public Domain"
    },
    "node_modules/constructs": {
      "version": "3.3.71",
      "resolved": "https://registry.npmjs.org/constructs/-/constructs-3.3.71.tgz",
      "integrity": "sha512-3KFtTsA7OV27m/+pJhN4iJkKzHbPIPvyvEX5BQ/JCAWjfCHOQEVpIgxHLpT4i8L1OFta+pJrzcEVAHo6UitwqA==",
      "engines": {
        "node": ">= 10.17.0"
      }
    },
    "node_modules/typescript": {
      "version": "4.2.4",
      "resolved": "https://registry.npmjs.org/typescript/-/typescript-4.2.4.tgz",
      "integrity": "sha512-V+evlYHZnQkaz8TRBuxTA92yZBPotr5H+WhQ7bD3hZUndx5tGOa1fuCgeSjxAzM1RiN5IzvadIXTVefuuwZCRg==",
      "dev": true,
      "bin": {
        "tsc": "bin/tsc",
        "tsserver": "bin/tsserver"
      },
      "engines": {
        "node": ">=4.2.0"
      }
    }
  },
  "dependencies": {
    "@types/node": {
      "version": "14.14.37",
      "resolved": "https://registry.npmjs.org/@types/node/-/node-14.14.37.tgz",
      "integrity": "sha512-XYmBiy+ohOR4Lh5jE379fV2IU+6Jn4g5qASinhitfyO71b/sCo6MKsMLF5tc7Zf2CE8hViVQyYSobJNke8OvUw==",
      "dev": true
    },
    "cdktf": {
      "version": "0.2.2",
      "resolved": "https://registry.npmjs.org/cdktf/-/cdktf-0.2.2.tgz",
      "integrity": "sha512-SMiDV99ruSGhjBm+dj30XmtV20BKesjY75SGGB3sTcFeaqn5d1Gf8gAaG69QTm3zqI8SbYO12MDslkoX1BY5Zw==",
      "requires": {
        "json-stable-stringify": "^1.0.1"
      },
      "dependencies": {
        "json-stable-stringify": {
          "version": "1.0.1",
          "bundled": true,
          "requires": {
            "jsonify": "~0.0.0"
          }
        },
        "jsonify": {
          "version": "0.0.0",
          "bundled": true
        }
      }
    },
    "constructs": {
      "version": "3.3.71",
      "resolved": "https://registry.npmjs.org/constructs/-/constructs-3.3.71.tgz",
      "integrity": "sha512-3KFtTsA7OV27m/+pJhN4iJkKzHbPIPvyvEX5BQ/JCAWjfCHOQEVpIgxHLpT4i8L1OFta+pJrzcEVAHo6UitwqA=="
    },
    "typescript": {
      "version": "4.2.4",
      "resolved": "https://registry.npmjs.org/typescript/-/typescript-4.2.4.tgz",
      "integrity": "sha512-V+evlYHZnQkaz8TRBuxTA92yZBPotr5H+WhQ7bD3hZUndx5tGOa1fuCgeSjxAzM1RiN5IzvadIXTVefuuwZCRg==",
      "dev": true
    }
  }
}
